{"is_source_file": false, "format": "", "description": "", "external_files": [], "external_methods": [], "published": [], "classes": [], "methods": [], "calls": [], "search-terms": [], "state": 2, "file_id": 20, "knowledge_revision": 42, "git_revision": "29c3bc9861c8f58f23ef0cf153fb3214af26cf80", "hash": "e9b4c3b42cef0193b7fddb548d37e652", "format-version": 4, "code-base-name": "default", "filename": "webtictactoe/post_process_status.lock", "revision_history": [{"42": "29c3bc9861c8f58f23ef0cf153fb3214af26cf80"}]}